
Microsoft Visual Studio Solution File, Format Version 12.00
# Visual Studio Version 17
VisualStudioVersion = 17.2.32616.157
MinimumVisualStudioVersion = 10.0.40219.1
Project("{2150E333-8FDC-42A3-9474-1A3956D46DE8}") = "FrontEnd", "FrontEnd", "{64D0E446-7008-4D0B-BDBA-F4746AAED53A}"
EndProject
Project("{2150E333-8FDC-42A3-9474-1A3956D46DE8}") = "Services", "Services", "{7C977F87-E698-440B-8648-005275EE1719}"
	ProjectSection(SolutionItems) = preProject
		.gitignore = .gitignore
		configAux.txt = configAux.txt
		TextFile1.txt = TextFile1.txt
	EndProjectSection
EndProject
Project("{9A19103F-16F7-4668-BE54-9A1E7A4F7556}") = "GeekShopping.Web", "GeekShopping.Web\GeekShopping.Web.csproj", "{6BDEB3A7-CEC4-4F5D-9196-C09FF64CF4C8}"
EndProject
Project("{9A19103F-16F7-4668-BE54-9A1E7A4F7556}") = "GeekShopping.ProductAPI", "GeekShopping.ProductAPI\GeekShopping.ProductAPI.csproj", "{DAB45963-9F09-40B1-B884-BBB8EEA5A67C}"
EndProject
Project("{2150E333-8FDC-42A3-9474-1A3956D46DE8}") = "Solution Items", "Solution Items", "{68035BD8-2966-4BA0-A4B7-4FC0C00CCAB5}"
	ProjectSection(SolutionItems) = preProject
		.editorconfig = .editorconfig
	EndProjectSection
EndProject
Project("{9A19103F-16F7-4668-BE54-9A1E7A4F7556}") = "GeekShopping.IdentityServer", "GeekShopping.IdentityServer\GeekShopping.IdentityServer.csproj", "{1719C92D-D716-4A3B-A699-5993E8BA73A8}"
EndProject
Project("{9A19103F-16F7-4668-BE54-9A1E7A4F7556}") = "GeekShopping.CartAPI", "GeekShopping.CartAPI\GeekShopping.CartAPI.csproj", "{BE75763E-F55E-48BD-BDC6-02D45521965F}"
EndProject
Project("{9A19103F-16F7-4668-BE54-9A1E7A4F7556}") = "GeekShopping.CouponAPI", "GeekShopping.CouponAPI\GeekShopping.CouponAPI.csproj", "{80588238-2E94-464C-9982-4554A6B7931B}"
EndProject
Project("{2150E333-8FDC-42A3-9474-1A3956D46DE8}") = "Integration", "Integration", "{6638DCFB-3AF7-45D2-B0F2-5C8F430FB5B7}"
EndProject
Project("{9A19103F-16F7-4668-BE54-9A1E7A4F7556}") = "GeekShopping.MessageBus", "GeekShopping.MessageBus\GeekShopping.MessageBus.csproj", "{EE4BC39D-23E5-44FE-BCF6-D66D937AADEB}"
EndProject
Project("{FAE04EC0-301F-11D3-BF4B-00C04F79EFBC}") = "GeekShopping.OrderAPI", "GeekShopping.OrderAPI\GeekShopping.OrderAPI.csproj", "{C352F698-ED90-4268-8454-10ABDC1D6511}"
EndProject
Global
	GlobalSection(SolutionConfigurationPlatforms) = preSolution
		Debug|Any CPU = Debug|Any CPU
		Release|Any CPU = Release|Any CPU
	EndGlobalSection
	GlobalSection(ProjectConfigurationPlatforms) = postSolution
		{6BDEB3A7-CEC4-4F5D-9196-C09FF64CF4C8}.Debug|Any CPU.ActiveCfg = Debug|Any CPU
		{6BDEB3A7-CEC4-4F5D-9196-C09FF64CF4C8}.Debug|Any CPU.Build.0 = Debug|Any CPU
		{6BDEB3A7-CEC4-4F5D-9196-C09FF64CF4C8}.Release|Any CPU.ActiveCfg = Release|Any CPU
		{6BDEB3A7-CEC4-4F5D-9196-C09FF64CF4C8}.Release|Any CPU.Build.0 = Release|Any CPU
		{DAB45963-9F09-40B1-B884-BBB8EEA5A67C}.Debug|Any CPU.ActiveCfg = Debug|Any CPU
		{DAB45963-9F09-40B1-B884-BBB8EEA5A67C}.Debug|Any CPU.Build.0 = Debug|Any CPU
		{DAB45963-9F09-40B1-B884-BBB8EEA5A67C}.Release|Any CPU.ActiveCfg = Release|Any CPU
		{DAB45963-9F09-40B1-B884-BBB8EEA5A67C}.Release|Any CPU.Build.0 = Release|Any CPU
		{1719C92D-D716-4A3B-A699-5993E8BA73A8}.Debug|Any CPU.ActiveCfg = Debug|Any CPU
		{1719C92D-D716-4A3B-A699-5993E8BA73A8}.Debug|Any CPU.Build.0 = Debug|Any CPU
		{1719C92D-D716-4A3B-A699-5993E8BA73A8}.Release|Any CPU.ActiveCfg = Release|Any CPU
		{1719C92D-D716-4A3B-A699-5993E8BA73A8}.Release|Any CPU.Build.0 = Release|Any CPU
		{BE75763E-F55E-48BD-BDC6-02D45521965F}.Debug|Any CPU.ActiveCfg = Debug|Any CPU
		{BE75763E-F55E-48BD-BDC6-02D45521965F}.Debug|Any CPU.Build.0 = Debug|Any CPU
		{BE75763E-F55E-48BD-BDC6-02D45521965F}.Release|Any CPU.ActiveCfg = Release|Any CPU
		{BE75763E-F55E-48BD-BDC6-02D45521965F}.Release|Any CPU.Build.0 = Release|Any CPU
		{80588238-2E94-464C-9982-4554A6B7931B}.Debug|Any CPU.ActiveCfg = Debug|Any CPU
		{80588238-2E94-464C-9982-4554A6B7931B}.Debug|Any CPU.Build.0 = Debug|Any CPU
		{80588238-2E94-464C-9982-4554A6B7931B}.Release|Any CPU.ActiveCfg = Release|Any CPU
		{80588238-2E94-464C-9982-4554A6B7931B}.Release|Any CPU.Build.0 = Release|Any CPU
		{EE4BC39D-23E5-44FE-BCF6-D66D937AADEB}.Debug|Any CPU.ActiveCfg = Debug|Any CPU
		{EE4BC39D-23E5-44FE-BCF6-D66D937AADEB}.Debug|Any CPU.Build.0 = Debug|Any CPU
		{EE4BC39D-23E5-44FE-BCF6-D66D937AADEB}.Release|Any CPU.ActiveCfg = Release|Any CPU
		{EE4BC39D-23E5-44FE-BCF6-D66D937AADEB}.Release|Any CPU.Build.0 = Release|Any CPU
		{C352F698-ED90-4268-8454-10ABDC1D6511}.Debug|Any CPU.ActiveCfg = Debug|Any CPU
		{C352F698-ED90-4268-8454-10ABDC1D6511}.Debug|Any CPU.Build.0 = Debug|Any CPU
		{C352F698-ED90-4268-8454-10ABDC1D6511}.Release|Any CPU.ActiveCfg = Release|Any CPU
		{C352F698-ED90-4268-8454-10ABDC1D6511}.Release|Any CPU.Build.0 = Release|Any CPU
	EndGlobalSection
	GlobalSection(SolutionProperties) = preSolution
		HideSolutionNode = FALSE
	EndGlobalSection
	GlobalSection(NestedProjects) = preSolution
		{6BDEB3A7-CEC4-4F5D-9196-C09FF64CF4C8} = {64D0E446-7008-4D0B-BDBA-F4746AAED53A}
		{DAB45963-9F09-40B1-B884-BBB8EEA5A67C} = {7C977F87-E698-440B-8648-005275EE1719}
		{1719C92D-D716-4A3B-A699-5993E8BA73A8} = {7C977F87-E698-440B-8648-005275EE1719}
		{BE75763E-F55E-48BD-BDC6-02D45521965F} = {7C977F87-E698-440B-8648-005275EE1719}
		{80588238-2E94-464C-9982-4554A6B7931B} = {7C977F87-E698-440B-8648-005275EE1719}
		{EE4BC39D-23E5-44FE-BCF6-D66D937AADEB} = {6638DCFB-3AF7-45D2-B0F2-5C8F430FB5B7}
		{C352F698-ED90-4268-8454-10ABDC1D6511} = {7C977F87-E698-440B-8648-005275EE1719}
	EndGlobalSection
	GlobalSection(ExtensibilityGlobals) = postSolution
		SolutionGuid = {FAADF45A-72FF-427E-B5D5-9854F9E940C9}
	EndGlobalSection
EndGlobal
